
Microsoft Visual Studio Solution File, Format Version 12.00
# Visual Studio Version 17
VisualStudioVersion = 17.7.34221.43
MinimumVisualStudioVersion = 10.0.40219.1
Project("{FAE04EC0-301F-11D3-BF4B-00C04F79EFBC}") = "Microservices.UsersService", "Microservices.UsersService\Microservices.UsersService.csproj", "{463FD119-5890-437B-B638-46091A5F88F9}"
EndProject
Project("{FAE04EC0-301F-11D3-BF4B-00C04F79EFBC}") = "Microservices.LabService", "Microservices.LabService\Microservices.LabService.csproj", "{90FEF894-4270-48A7-AC4D-4899F9E1BB7E}"
EndProject
Project("{E53339B2-1760-4266-BCC7-CA923CBCF16C}") = "docker-compose", "docker-compose.dcproj", "{C36FBA82-0C69-4569-9F3A-0ECBE59FF731}"
EndProject
Project("{FAE04EC0-301F-11D3-BF4B-00C04F79EFBC}") = "Microservices.Core", "Microservices.Core\Microservices.Core.csproj", "{7C3E14C3-2E25-40BA-8BCC-B1AA4D038C9C}"
EndProject
Global
	GlobalSection(SolutionConfigurationPlatforms) = preSolution
		Debug|Any CPU = Debug|Any CPU
		Release|Any CPU = Release|Any CPU
	EndGlobalSection
	GlobalSection(ProjectConfigurationPlatforms) = postSolution
		{463FD119-5890-437B-B638-46091A5F88F9}.Debug|Any CPU.ActiveCfg = Debug|Any CPU
		{463FD119-5890-437B-B638-46091A5F88F9}.Debug|Any CPU.Build.0 = Debug|Any CPU
		{463FD119-5890-437B-B638-46091A5F88F9}.Release|Any CPU.ActiveCfg = Release|Any CPU
		{463FD119-5890-437B-B638-46091A5F88F9}.Release|Any CPU.Build.0 = Release|Any CPU
		{90FEF894-4270-48A7-AC4D-4899F9E1BB7E}.Debug|Any CPU.ActiveCfg = Debug|Any CPU
		{90FEF894-4270-48A7-AC4D-4899F9E1BB7E}.Debug|Any CPU.Build.0 = Debug|Any CPU
		{90FEF894-4270-48A7-AC4D-4899F9E1BB7E}.Release|Any CPU.ActiveCfg = Release|Any CPU
		{90FEF894-4270-48A7-AC4D-4899F9E1BB7E}.Release|Any CPU.Build.0 = Release|Any CPU
		{C36FBA82-0C69-4569-9F3A-0ECBE59FF731}.Debug|Any CPU.ActiveCfg = Debug|Any CPU
		{C36FBA82-0C69-4569-9F3A-0ECBE59FF731}.Debug|Any CPU.Build.0 = Debug|Any CPU
		{C36FBA82-0C69-4569-9F3A-0ECBE59FF731}.Release|Any CPU.ActiveCfg = Release|Any CPU
		{C36FBA82-0C69-4569-9F3A-0ECBE59FF731}.Release|Any CPU.Build.0 = Release|Any CPU
		{7C3E14C3-2E25-40BA-8BCC-B1AA4D038C9C}.Debug|Any CPU.ActiveCfg = Debug|Any CPU
		{7C3E14C3-2E25-40BA-8BCC-B1AA4D038C9C}.Debug|Any CPU.Build.0 = Debug|Any CPU
		{7C3E14C3-2E25-40BA-8BCC-B1AA4D038C9C}.Release|Any CPU.ActiveCfg = Release|Any CPU
		{7C3E14C3-2E25-40BA-8BCC-B1AA4D038C9C}.Release|Any CPU.Build.0 = Release|Any CPU
	EndGlobalSection
	GlobalSection(SolutionProperties) = preSolution
		HideSolutionNode = FALSE
	EndGlobalSection
	GlobalSection(ExtensibilityGlobals) = postSolution
		SolutionGuid = {ABB1139E-ADA7-4778-9372-32AD94F32543}
	EndGlobalSection
EndGlobal
